
Microsoft Visual Studio Solution File, Format Version 12.00
# Visual Studio Version 16
VisualStudioVersion = 16.0.31729.503
MinimumVisualStudioVersion = 10.0.40219.1
Project("{FAE04EC0-301F-11D3-BF4B-00C04F79EFBC}") = "LMS_Project", "LMS_Project\LMS_Project.csproj", "{4A61AECB-28BA-4899-BB5E-7E42D049FC17}"
EndProject
Global
	GlobalSection(SolutionConfigurationPlatforms) = preSolution
		Debug|Any CPU = Debug|Any CPU
		Release|Any CPU = Release|Any CPU
	EndGlobalSection
	GlobalSection(ProjectConfigurationPlatforms) = postSolution
		{4A61AECB-28BA-4899-BB5E-7E42D049FC17}.Debug|Any CPU.ActiveCfg = Debug|Any CPU
		{4A61AECB-28BA-4899-BB5E-7E42D049FC17}.Debug|Any CPU.Build.0 = Debug|Any CPU
		{4A61AECB-28BA-4899-BB5E-7E42D049FC17}.Release|Any CPU.ActiveCfg = Release|Any CPU
		{4A61AECB-28BA-4899-BB5E-7E42D049FC17}.Release|Any CPU.Build.0 = Release|Any CPU
	EndGlobalSection
	GlobalSection(SolutionProperties) = preSolution
		HideSolutionNode = FALSE
	EndGlobalSection
	GlobalSection(ExtensibilityGlobals) = postSolution
		SolutionGuid = {63AB9328-D1DE-485B-927F-0F65AFC04EF6}
	EndGlobalSection
EndGlobal
